{
	"_OFProjectGeneratorVersion": "0.103.0",
	"archiveVersion": "1",
	"classes": {},
	"objectVersion": "54",
	"objects": {
		"0864160C-BBC0-4BE3-BDBE-5D4E36803B6A": {
			"children": [
				"DFE43BAD-699F-4C38-BA6C-06D198ADE470",
				"4D2877D4-8BAF-4B63-A3FB-0BEC40D1432E"
			],
			"isa": "PBXGroup",
			"name": "ofxXmlSettings",
			"path": "ofxXmlSettings",
			"sourceTree": "<group>"
		},
		"089F6407-FAA9-417A-A2EB-93FECA6C6E28": {
			"children": [
				"0C8399C3-AB48-4744-8C5B-B5CF7BFA9B27",
				"CC6DFA8B-50C7-4C80-B2E7-3AB595EA1633"
			],
			"isa": "PBXGroup",
			"name": "src",
			"path": "src",
			"sourceTree": "<group>"
		},
		"0C8399C3-AB48-4744-8C5B-B5CF7BFA9B27": {
			"fileEncoding": "4",
			"isa": "PBXFileReference",
			"lastKnownFileType": "sourcecode.cpp.cpp",
			"name": "ofxFirstPersonCamera.cpp",
			"sourceTree": "<group>"
		},
		"191CD6FA2847E21E0085CBB6": {
			"fileEncoding": "4",
			"isa": "PBXFileReference",
			"lastKnownFileType": "text.plist.entitlements",
			"path": "of.entitlements",
			"sourceTree": "<group>"
		},
		"191EF70929D778A400F35F26": {
			"isa": "PBXFileReference",
			"lastKnownFileType": "folder",
			"name": "openFrameworks",
			"path": "../../../libs/openFrameworks",
			"sourceTree": "SOURCE_ROOT"
		},
		"19B789C429E5AB4A0082E9B8": {
			"alwaysOutOfDate": "1",
			"buildActionMask": "2147483647",
			"files": [],
			"inputFileListPaths": [],
			"inputPaths": [],
			"isa": "PBXShellScriptBuildPhase",
			"outputFileListPaths": [],
			"outputPaths": [],
			"runOnlyForDeploymentPostprocessing": "0",
			"shellPath": "/bin/sh",
			"shellScript": "\"$OF_PATH/scripts/osx/xcode_project.sh\"\n",
			"showEnvVarsInLog": "0"
		},
		"434E03A8-ECF6-46AE-9874-871AF6778250": {
			"fileEncoding": "4",
			"isa": "PBXFileReference",
			"lastKnownFileType": "folder",
			"name": "data",
			"path": "bin/data",
			"sourceTree": "SOURCE_ROOT"
		},
		"46B5DCE4-DDBA-4C0A-A205-D9A9F0027391": {
			"fileEncoding": "4",
			"isa": "PBXFileReference",
			"lastKnownFileType": "sourcecode.cpp.cpp",
			"name": "tinyxmlparser.cpp",
			"sourceTree": "<group>"
		},
		"47D6E506-7035-4BA5-A412-CB2A69095624": {
			"fileRef": "CE019C8B-2E73-41D6-899C-8E322A0211E8",
			"isa": "PBXBuildFile"
		},
		"4D2877D4-8BAF-4B63-A3FB-0BEC40D1432E": {
			"children": [
				"CE019C8B-2E73-41D6-899C-8E322A0211E8",
				"587DC2D8-B545-440B-9A06-697D51CA3C74"
			],
			"isa": "PBXGroup",
			"name": "src",
			"path": "src",
			"sourceTree": "<group>"
		},
		"587DC2D8-B545-440B-9A06-697D51CA3C74": {
			"fileEncoding": "4",
			"isa": "PBXFileReference",
			"lastKnownFileType": "sourcecode.cpp.h",
			"name": "ofxXmlSettings.h",
			"sourceTree": "<group>"
		},
		"6F1EEA6E-F7A6-4FBB-A8B2-92AA70751C8E": {
			"children": [
				"089F6407-FAA9-417A-A2EB-93FECA6C6E28"
			],
			"isa": "PBXGroup",
			"name": "ofxFirstPersonCamera",
			"path": "ofxFirstPersonCamera",
			"sourceTree": "<group>"
		},
		"73B5CA93-AD77-4E38-B506-FDFD8D127AA6": {
			"fileEncoding": "4",
			"isa": "PBXFileReference",
			"lastKnownFileType": "sourcecode.cpp.cpp",
			"name": "tinyxml.cpp",
			"sourceTree": "<group>"
		},
		"B9C68655-5C8A-452F-8267-5DD932DA9BEF": {
			"fileRef": "73B5CA93-AD77-4E38-B506-FDFD8D127AA6",
			"isa": "PBXBuildFile"
		},
		"BA6C62F6-38C1-4B76-9042-1CAB96FC6DAD": {
			"fileEncoding": "4",
			"isa": "PBXFileReference",
			"lastKnownFileType": "sourcecode.cpp.h",
			"name": "tinyxml.h",
			"sourceTree": "<group>"
		},
		"BB4B014C10F69532006C3DED": {
			"children": [
				"6F1EEA6E-F7A6-4FBB-A8B2-92AA70751C8E",
				"0864160C-BBC0-4BE3-BDBE-5D4E36803B6A"
			],
			"isa": "PBXGroup",
			"name": "addons",
			"path": "../../../addons",
			"sourceTree": "SOURCE_ROOT"
		},
		"CC6DFA8B-50C7-4C80-B2E7-3AB595EA1633": {
			"fileEncoding": "4",
			"isa": "PBXFileReference",
			"lastKnownFileType": "sourcecode.cpp.h",
			"name": "ofxFirstPersonCamera.h",
			"sourceTree": "<group>"
		},
		"CE019C8B-2E73-41D6-899C-8E322A0211E8": {
			"fileEncoding": "4",
			"isa": "PBXFileReference",
			"lastKnownFileType": "sourcecode.cpp.cpp",
			"name": "ofxXmlSettings.cpp",
			"sourceTree": "<group>"
		},
		"DCF31CF8-D332-4983-A746-6946F2461941": {
			"fileRef": "0C8399C3-AB48-4744-8C5B-B5CF7BFA9B27",
			"isa": "PBXBuildFile"
		},
		"DF53DC3B-9F63-4916-86D1-7D99C3AB1C74": {
			"fileRef": "F2EF95CC-193A-4C52-90DE-03A17D99D503",
			"isa": "PBXBuildFile"
		},
		"DFE43BAD-699F-4C38-BA6C-06D198ADE470": {
			"children": [
				"73B5CA93-AD77-4E38-B506-FDFD8D127AA6",
				"BA6C62F6-38C1-4B76-9042-1CAB96FC6DAD",
				"F2EF95CC-193A-4C52-90DE-03A17D99D503",
				"46B5DCE4-DDBA-4C0A-A205-D9A9F0027391"
			],
			"isa": "PBXGroup",
			"name": "libs",
			"path": "libs",
			"sourceTree": "<group>"
		},
		"E42962A92163ECCD00A6A9E2": {
			"alwaysOutOfDate": "1",
			"buildActionMask": "2147483647",
			"files": [],
			"inputPaths": [],
			"isa": "PBXShellScriptBuildPhase",
			"name": "Run Script — Compile OF",
			"outputPaths": [],
			"runOnlyForDeploymentPostprocessing": "0",
			"shellPath": "/bin/sh",
			"shellScript": "$OF_CORE_BUILD_COMMAND\n",
			"showEnvVarsInLog": "0"
		},
		"E4A5B60F29BAAAE400C2D356": {
			"buildActionMask": "2147483647",
			"dstPath": "",
			"dstSubfolderSpec": "6",
			"files": [],
			"isa": "PBXCopyFilesBuildPhase",
			"runOnlyForDeploymentPostprocessing": "0"
		},
		"E4B69B4A0A3A1720003C02F2": {
			"children": [
				"191CD6FA2847E21E0085CBB6",
				"E4B6FCAD0C3E899E008CF71C",
				"E4EB6923138AFD0F00A09F29",
				"E4B69E1C0A3A1BDC003C02F2",
				"191EF70929D778A400F35F26",
				"BB4B014C10F69532006C3DED",
				"E4B69B5B0A3A1756003C02F2",
				"434E03A8-ECF6-46AE-9874-871AF6778250"
			],
			"isa": "PBXGroup",
			"sourceTree": "<group>"
		},
		"E4B69B4C0A3A1720003C02F2": {
			"attributes": {
				"BuildIndependentTargetsInParallel": "YES",
				"LastUpgradeCheck": "1540"
			},
			"buildConfigurationList": "E4B69B4D0A3A1720003C02F2",
			"compatibilityVersion": "Xcode 3.2",
			"developmentRegion": "en",
			"hasScannedForEncodings": "0",
			"isa": "PBXProject",
			"knownRegions": [
				"en",
				"Base"
			],
			"mainGroup": "E4B69B4A0A3A1720003C02F2",
			"productRefGroup": "E4B69B4A0A3A1720003C02F2",
			"projectDirPath": "",
			"projectRoot": "",
			"targets": [
				"E4B69B5A0A3A1756003C02F2"
			]
		},
		"E4B69B4D0A3A1720003C02F2": {
			"buildConfigurations": [
				"E4B69B4E0A3A1720003C02F2",
				"E4B69B4F0A3A1720003C02F2"
			],
			"defaultConfigurationIsVisible": "0",
			"defaultConfigurationName": "Release",
			"isa": "XCConfigurationList"
		},
		"E4B69B4E0A3A1720003C02F2": {
			"baseConfigurationReference": "E4EB6923138AFD0F00A09F29",
			"buildSettings": {
				"CODE_SIGN_ENTITLEMENTS": "of.entitlements",
				"COPY_PHASE_STRIP": "NO",
				"ENABLE_TESTABILITY": "YES",
				"GCC_OPTIMIZATION_LEVEL": "0",
				"GCC_WARN_UNUSED_VARIABLE": "NO",
				"HEADER_SEARCH_PATHS": [
					"$(OF_CORE_HEADERS)",
					"src"
				],
				"OTHER_CPLUSPLUSFLAGS": "-D__MACOSX_CORE__"
			},
			"isa": "XCBuildConfiguration",
			"name": "Debug"
		},
		"E4B69B4F0A3A1720003C02F2": {
			"baseConfigurationReference": "E4EB6923138AFD0F00A09F29",
			"buildSettings": {
				"CODE_SIGN_ENTITLEMENTS": "of.entitlements",
				"COPY_PHASE_STRIP": "YES",
				"GCC_OPTIMIZATION_LEVEL": "3",
				"GCC_UNROLL_LOOPS": "YES",
				"HEADER_SEARCH_PATHS": [
					"$(OF_CORE_HEADERS)",
					"src"
				],
				"OTHER_CPLUSPLUSFLAGS": "-D__MACOSX_CORE__"
			},
			"isa": "XCBuildConfiguration",
			"name": "Release"
		},
		"E4B69B580A3A1756003C02F2": {
			"buildActionMask": "2147483647",
			"files": [
				"E4B69E200A3A1BDC003C02F2",
				"E4B69E210A3A1BDC003C02F2",
				"DCF31CF8-D332-4983-A746-6946F2461941",
				"B9C68655-5C8A-452F-8267-5DD932DA9BEF",
				"DF53DC3B-9F63-4916-86D1-7D99C3AB1C74",
				"FB7FCC98-98B6-4636-9DE6-A4CA57F20BAC",
				"47D6E506-7035-4BA5-A412-CB2A69095624"
			],
			"isa": "PBXSourcesBuildPhase",
			"runOnlyForDeploymentPostprocessing": "0"
		},
		"E4B69B590A3A1756003C02F2": {
			"buildActionMask": "2147483647",
			"files": [],
			"isa": "PBXFrameworksBuildPhase",
			"runOnlyForDeploymentPostprocessing": "0"
		},
		"E4B69B5A0A3A1756003C02F2": {
			"buildConfigurationList": "E4B69B5F0A3A1757003C02F2",
			"buildPhases": [
				"E42962A92163ECCD00A6A9E2",
				"E4B69B580A3A1756003C02F2",
				"E4B69B590A3A1756003C02F2",
				"E4C2427710CC5ABF004149E2",
				"E4A5B60F29BAAAE400C2D356",
				"19B789C429E5AB4A0082E9B8"
			],
			"buildRules": [],
			"dependencies": [],
			"isa": "PBXNativeTarget",
			"name": "example",
			"productName": "myOFApp",
			"productReference": "E4B69B5B0A3A1756003C02F2",
			"productType": "com.apple.product-type.application"
		},
		"E4B69B5B0A3A1756003C02F2": {
			"explicitFileType": "wrapper.application",
			"includeInIndex": "0",
			"isa": "PBXFileReference",
			"path": "exampleDebug.app",
			"sourceTree": "BUILT_PRODUCTS_DIR"
		},
		"E4B69B5F0A3A1757003C02F2": {
			"buildConfigurations": [
				"E4B69B600A3A1757003C02F2",
				"E4B69B610A3A1757003C02F2"
			],
			"defaultConfigurationIsVisible": "0",
			"defaultConfigurationName": "Release",
			"isa": "XCConfigurationList"
		},
		"E4B69B600A3A1757003C02F2": {
			"baseConfigurationReference": "E4EB6923138AFD0F00A09F29",
			"buildSettings": {
				"ARCHS": "$(ARCHS_STANDARD)",
				"COPY_PHASE_STRIP": "NO",
				"FRAMEWORK_SEARCH_PATHS": "$(inherited)",
				"GCC_DYNAMIC_NO_PIC": "NO",
				"HEADER_SEARCH_PATHS": [
					"$(OF_CORE_HEADERS)",
					"src",
					"src",
					"../src",
					"../../ofxXmlSettings/libs",
					"../../ofxXmlSettings/src"
				],
				"LIBRARY_SEARCH_PATHS": "$(inherited)",
				"OTHER_LDFLAGS": [
					"$(OF_CORE_LIBS)",
					"$(OF_CORE_FRAMEWORKS)",
					"$(LIB_OF_DEBUG)"
				]
			},
			"isa": "XCBuildConfiguration",
			"name": "Debug"
		},
		"E4B69B610A3A1757003C02F2": {
			"baseConfigurationReference": "E4EB6923138AFD0F00A09F29",
			"buildSettings": {
				"ARCHS": "$(ARCHS_STANDARD)",
				"COPY_PHASE_STRIP": "YES",
				"FRAMEWORK_SEARCH_PATHS": "$(inherited)",
				"HEADER_SEARCH_PATHS": [
					"$(OF_CORE_HEADERS)",
					"src",
					"src",
					"../src",
					"../../ofxXmlSettings/libs",
					"../../ofxXmlSettings/src"
				],
				"LIBRARY_SEARCH_PATHS": "$(inherited)",
				"OTHER_LDFLAGS": [
					"$(OF_CORE_LIBS)",
					"$(OF_CORE_FRAMEWORKS)",
					"$(LIB_OF_RELEASE)"
				],
				"baseConfigurationReference": "E4EB6923138AFD0F00A09F29"
			},
			"isa": "XCBuildConfiguration",
			"name": "Release"
		},
		"E4B69E1C0A3A1BDC003C02F2": {
			"children": [
				"E4B69E1D0A3A1BDC003C02F2",
				"E4B69E1E0A3A1BDC003C02F2",
				"E4B69E1F0A3A1BDC003C02F2"
			],
			"isa": "PBXGroup",
			"path": "src",
			"sourceTree": "SOURCE_ROOT"
		},
		"E4B69E1D0A3A1BDC003C02F2": {
			"fileEncoding": "4",
			"isa": "PBXFileReference",
			"lastKnownFileType": "sourcecode.cpp.cpp",
			"name": "main.cpp",
			"path": "src/main.cpp",
			"sourceTree": "SOURCE_ROOT"
		},
		"E4B69E1E0A3A1BDC003C02F2": {
			"explicitFileType": "sourcecode.cpp.cpp",
			"fileEncoding": "4",
			"isa": "PBXFileReference",
			"name": "ofApp.cpp",
			"path": "src/ofApp.cpp",
			"sourceTree": "SOURCE_ROOT"
		},
		"E4B69E1F0A3A1BDC003C02F2": {
			"fileEncoding": "4",
			"isa": "PBXFileReference",
			"lastKnownFileType": "sourcecode.c.h",
			"name": "ofApp.h",
			"path": "src/ofApp.h",
			"sourceTree": "SOURCE_ROOT"
		},
		"E4B69E200A3A1BDC003C02F2": {
			"fileRef": "E4B69E1D0A3A1BDC003C02F2",
			"isa": "PBXBuildFile"
		},
		"E4B69E210A3A1BDC003C02F2": {
			"fileRef": "E4B69E1E0A3A1BDC003C02F2",
			"isa": "PBXBuildFile"
		},
		"E4B6FCAD0C3E899E008CF71C": {
			"fileEncoding": "4",
			"isa": "PBXFileReference",
			"lastKnownFileType": "text.plist.xml",
			"path": "openFrameworks-Info.plist",
			"sourceTree": "<group>"
		},
		"E4C2427710CC5ABF004149E2": {
			"buildActionMask": "2147483647",
			"dstPath": "",
			"dstSubfolderSpec": "10",
			"files": [],
			"isa": "PBXCopyFilesBuildPhase",
			"runOnlyForDeploymentPostprocessing": "0"
		},
		"E4EB6923138AFD0F00A09F29": {
			"fileEncoding": "4",
			"isa": "PBXFileReference",
			"lastKnownFileType": "text.xcconfig",
			"path": "Project.xcconfig",
			"sourceTree": "<group>"
		},
		"F2EF95CC-193A-4C52-90DE-03A17D99D503": {
			"fileEncoding": "4",
			"isa": "PBXFileReference",
			"lastKnownFileType": "sourcecode.cpp.cpp",
			"name": "tinyxmlerror.cpp",
			"sourceTree": "<group>"
		},
		"FB7FCC98-98B6-4636-9DE6-A4CA57F20BAC": {
			"fileRef": "46B5DCE4-DDBA-4C0A-A205-D9A9F0027391",
			"isa": "PBXBuildFile"
		}
	},
	"rootObject": "E4B69B4C0A3A1720003C02F2"
}